// !$*UTF8*$!
{
	archiveVersion = 1;
	classes = {
	};
	objectVersion = 46;
	objects = {

/* Begin PBXBuildFile section */
		55CEB8941D33FE8E005F30AD /* main.m in Sources */ = {isa = PBXBuildFile; fileRef = 55CEB8931D33FE8E005F30AD /* main.m */; };
		55CEB8971D33FE8E005F30AD /* AppDelegate.m in Sources */ = {isa = PBXBuildFile; fileRef = 55CEB8961D33FE8E005F30AD /* AppDelegate.m */; };
		55CEB89A1D33FE8E005F30AD /* ViewController.m in Sources */ = {isa = PBXBuildFile; fileRef = 55CEB8991D33FE8E005F30AD /* ViewController.m */; };
		55CEB89D1D33FE8E005F30AD /* Main.storyboard in Resources */ = {isa = PBXBuildFile; fileRef = 55CEB89B1D33FE8E005F30AD /* Main.storyboard */; };
		55CEB89F1D33FE8E005F30AD /* Assets.xcassets in Resources */ = {isa = PBXBuildFile; fileRef = 55CEB89E1D33FE8E005F30AD /* Assets.xcassets */; };
		55CEB8A21D33FE8E005F30AD /* LaunchScreen.storyboard in Resources */ = {isa = PBXBuildFile; fileRef = 55CEB8A01D33FE8E005F30AD /* LaunchScreen.storyboard */; };
/* End PBXBuildFile section */

/* Begin PBXFileReference section */
		55CEB88F1D33FE8E005F30AD /* scrollViewLecture.app */ = {isa = PBXFileReference; explicitFileType = wrapper.application; includeInIndex = 0; path = scrollViewLecture.app; sourceTree = BUILT_PRODUCTS_DIR; };
		55CEB8931D33FE8E005F30AD /* main.m */ = {isa = PBXFileReference; lastKnownFileType = sourcecode.c.objc; path = main.m; sourceTree = "<group>"; };
		55CEB8951D33FE8E005F30AD /* AppDelegate.h */ = {isa = PBXFileReference; lastKnownFileType = sourcecode.c.h; path = AppDelegate.h; sourceTree = "<group>"; };
		55CEB8961D33FE8E005F30AD /* AppDelegate.m */ = {isa = PBXFileReference; lastKnownFileType = sourcecode.c.objc; path = AppDelegate.m; sourceTree = "<group>"; };
		55CEB8981D33FE8E005F30AD /* ViewController.h */ = {isa = PBXFileReference; lastKnownFileType = sourcecode.c.h; path = ViewController.h; sourceTree = "<group>"; };
		55CEB8991D33FE8E005F30AD /* ViewController.m */ = {isa = PBXFileReference; lastKnownFileType = sourcecode.c.objc; path = ViewController.m; sourceTree = "<group>"; };
		55CEB89C1D33FE8E005F30AD /* Base */ = {isa = PBXFileReference; lastKnownFileType = file.storyboard; name = Base; path = Base.lproj/Main.storyboard; sourceTree = "<group>"; };
		55CEB89E1D33FE8E005F30AD /* Assets.xcassets */ = {isa = PBXFileReference; lastKnownFileType = folder.assetcatalog; path = Assets.xcassets; sourceTree = "<group>"; };
		55CEB8A11D33FE8E005F30AD /* Base */ = {isa = PBXFileReference; lastKnownFileType = file.storyboard; name = Base; path = Base.lproj/LaunchScreen.storyboard; sourceTree = "<group>"; };
		55CEB8A31D33FE8E005F30AD /* Info.plist */ = {isa = PBXFileReference; lastKnownFileType = text.plist.xml; path = Info.plist; sourceTree = "<group>"; };
/* End PBXFileReference section */

/* Begin PBXFrameworksBuildPhase section */
		55CEB88C1D33FE8E005F30AD /* Frameworks */ = {
			isa = PBXFrameworksBuildPhase;
			buildActionMask = 2147483647;
			files = (
			);
			runOnlyForDeploymentPostprocessing = 0;
		};
/* End PBXFrameworksBuildPhase section */

/* Begin PBXGroup section */
		55CEB8861D33FE8E005F30AD = {
			isa = PBXGroup;
			children = (
				55CEB8911D33FE8E005F30AD /* scrollViewLecture */,
				55CEB8901D33FE8E005F30AD /* Products */,
			);
			sourceTree = "<group>";
		};
		55CEB8901D33FE8E005F30AD /* Products */ = {
			isa = PBXGroup;
			children = (
				55CEB88F1D33FE8E005F30AD /* scrollViewLecture.app */,
			);
			name = Products;
			sourceTree = "<group>";
		};
		55CEB8911D33FE8E005F30AD /* scrollViewLecture */ = {
			isa = PBXGroup;
			children = (
				55CEB8951D33FE8E005F30AD /* AppDelegate.h */,
				55CEB8961D33FE8E005F30AD /* AppDelegate.m */,
				55CEB8981D33FE8E005F30AD /* ViewController.h */,
				55CEB8991D33FE8E005F30AD /* ViewController.m */,
				55CEB89B1D33FE8E005F30AD /* Main.storyboard */,
				55CEB89E1D33FE8E005F30AD /* Assets.xcassets */,
				55CEB8A01D33FE8E005F30AD /* LaunchScreen.storyboard */,
				55CEB8A31D33FE8E005F30AD /* Info.plist */,
				55CEB8921D33FE8E005F30AD /* Supporting Files */,
			);
			path = scrollViewLecture;
			sourceTree = "<group>";
		};
		55CEB8921D33FE8E005F30AD /* Supporting Files */ = {
			isa = PBXGroup;
			children = (
				55CEB8931D33FE8E005F30AD /* main.m */,
			);
			name = "Supporting Files";
			sourceTree = "<group>";
		};
/* End PBXGroup section */

/* Begin PBXNativeTarget section */
		55CEB88E1D33FE8E005F30AD /* scrollViewLecture */ = {
			isa = PBXNativeTarget;
			buildConfigurationList = 55CEB8A61D33FE8E005F30AD /* Build configuration list for PBXNativeTarget "scrollViewLecture" */;
			buildPhases = (
				55CEB88B1D33FE8E005F30AD /* Sources */,
				55CEB88C1D33FE8E005F30AD /* Frameworks */,
				55CEB88D1D33FE8E005F30AD /* Resources */,
			);
			buildRules = (
			);
			dependencies = (
			);
			name = scrollViewLecture;
			productName = scrollViewLecture;
			productReference = 55CEB88F1D33FE8E005F30AD /* scrollViewLecture.app */;
			productType = "com.apple.product-type.application";
		};
/* End PBXNativeTarget section */

/* Begin PBXProject section */
		55CEB8871D33FE8E005F30AD /* Project object */ = {
			isa = PBXProject;
			attributes = {
				LastUpgradeCheck = 0730;
				ORGANIZATIONNAME = "thomas minshull";
				TargetAttributes = {
					55CEB88E1D33FE8E005F30AD = {
						CreatedOnToolsVersion = 7.3.1;
					};
				};
			};
			buildConfigurationList = 55CEB88A1D33FE8E005F30AD /* Build configuration list for PBXProject "scrollViewLecture" */;
			compatibilityVersion = "Xcode 3.2";
			developmentRegion = English;
			hasScannedForEncodings = 0;
			knownRegions = (
				en,
				Base,
			);
			mainGroup = 55CEB8861D33FE8E005F30AD;
			productRefGroup = 55CEB8901D33FE8E005F30AD /* Products */;
			projectDirPath = "";
			projectRoot = "";
			targets = (
				55CEB88E1D33FE8E005F30AD /* scrollViewLecture */,
			);
		};
/* End PBXProject section */

/* Begin PBXResourcesBuildPhase section */
		55CEB88D1D33FE8E005F30AD /* Resources */ = {
			isa = PBXResourcesBuildPhase;
			buildActionMask = 2147483647;
			files = (
				55CEB8A21D33FE8E005F30AD /* LaunchScreen.storyboard in Resources */,
				55CEB89F1D33FE8E005F30AD /* Assets.xcassets in Resources */,
				55CEB89D1D33FE8E005F30AD /* Main.storyboard in Resources */,
			);
			runOnlyForDeploymentPostprocessing = 0;
		};
/* End PBXResourcesBuildPhase section */

/* Begin PBXSourcesBuildPhase section */
		55CEB88B1D33FE8E005F30AD /* Sources */ = {
			isa = PBXSourcesBuildPhase;
			buildActionMask = 2147483647;
			files = (
				55CEB89A1D33FE8E005F30AD /* ViewController.m in Sources */,
				55CEB8971D33FE8E005F30AD /* AppDelegate.m in Sources */,
				55CEB8941D33FE8E005F30AD /* main.m in Sources */,
			);
			runOnlyForDeploymentPostprocessing = 0;
		};
/* End PBXSourcesBuildPhase section */

/* Begin PBXVariantGroup section */
		55CEB89B1D33FE8E005F30AD /* Main.storyboard */ = {
			isa = PBXVariantGroup;
			children = (
				55CEB89C1D33FE8E005F30AD /* Base */,
			);
			name = Main.storyboard;
			sourceTree = "<group>";
		};
		55CEB8A01D33FE8E005F30AD /* LaunchScreen.storyboard */ = {
			isa = PBXVariantGroup;
			children = (
				55CEB8A11D33FE8E005F30AD /* Base */,
			);
			name = LaunchScreen.storyboard;
			sourceTree = "<group>";
		};
/* End PBXVariantGroup section */

/* Begin XCBuildConfiguration section */
		55CEB8A41D33FE8E005F30AD /* Debug */ = {
			isa = XCBuildConfiguration;
			buildSettings = {
				ALWAYS_SEARCH_USER_PATHS = NO;
				CLANG_ANALYZER_NONNULL = YES;
				CLANG_CXX_LANGUAGE_STANDARD = "gnu++0x";
				CLANG_CXX_LIBRARY = "libc++";
				CLANG_ENABLE_MODULES = YES;
				CLANG_ENABLE_OBJC_ARC = YES;
				CLANG_WARN_BOOL_CONVERSION = YES;
				CLANG_WARN_CONSTANT_CONVERSION = YES;
				CLANG_WARN_DIRECT_OBJC_ISA_USAGE = YES_ERROR;
				CLANG_WARN_EMPTY_BODY = YES;
				CLANG_WARN_ENUM_CONVERSION = YES;
				CLANG_WARN_INT_CONVERSION = YES;
				CLANG_WARN_OBJC_ROOT_CLASS = YES_ERROR;
				CLANG_WARN_UNREACHABLE_CODE = YES;
				CLANG_WARN__DUPLICATE_METHOD_MATCH = YES;
				"CODE_SIGN_IDENTITY[sdk=iphoneos*]" = "iPhone Developer";
				COPY_PHASE_STRIP = NO;
				DEBUG_INFORMATION_FORMAT = dwarf;
				ENABLE_STRICT_OBJC_MSGSEND = YES;
				ENABLE_TESTABILITY = YES;
				GCC_C_LANGUAGE_STANDARD = gnu99;
				GCC_DYNAMIC_NO_PIC = NO;
				GCC_NO_COMMON_BLOCKS = YES;
				GCC_OPTIMIZATION_LEVEL = 0;
				GCC_PREPROCESSOR_DEFINITIONS = (
					"DEBUG=1",
					"$(inherited)",
				);
				GCC_WARN_64_TO_32_BIT_CONVERSION = YES;
				GCC_WARN_ABOUT_RETURN_TYPE = YES_ERROR;
				GCC_WARN_UNDECLARED_SELECTOR = YES;
				GCC_WARN_UNINITIALIZED_AUTOS = YES_AGGRESSIVE;
				GCC_WARN_UNUSED_FUNCTION = YES;
				GCC_WARN_UNUSED_VARIABLE = YES;
				IPHONEOS_DEPLOYMENT_TARGET = 9.3;
				MTL_ENABLE_DEBUG_INFO = YES;
				ONLY_ACTIVE_ARCH = YES;
				SDKROOT = iphoneos;
			};
			name = Debug;
		};
		55CEB8A51D33FE8E005F30AD /* Release */ = {
			isa = XCBuildConfiguration;
			buildSettings = {
				ALWAYS_SEARCH_USER_PATHS = NO;
				CLANG_ANALYZER_NONNULL = YES;
				CLANG_CXX_LANGUAGE_STANDARD = "gnu++0x";
				CLANG_CXX_LIBRARY = "libc++";
				CLANG_ENABLE_MODULES = YES;
				CLANG_ENABLE_OBJC_ARC = YES;
				CLANG_WARN_BOOL_CONVERSION = YES;
				CLANG_WARN_CONSTANT_CONVERSION = YES;
				CLANG_WARN_DIRECT_OBJC_ISA_USAGE = YES_ERROR;
				CLANG_WARN_EMPTY_BODY = YES;
				CLANG_WARN_ENUM_CONVERSION = YES;
				CLANG_WARN_INT_CONVERSION = YES;
				CLANG_WARN_OBJC_ROOT_CLASS = YES_ERROR;
				CLANG_WARN_UNREACHABLE_CODE = YES;
				CLANG_WARN__DUPLICATE_METHOD_MATCH = YES;
				"CODE_SIGN_IDENTITY[sdk=iphoneos*]" = "iPhone Developer";
				COPY_PHASE_STRIP = NO;
				DEBUG_INFORMATION_FORMAT = "dwarf-with-dsym";
				ENABLE_NS_ASSERTIONS = NO;
				ENABLE_STRICT_OBJC_MSGSEND = YES;
				GCC_C_LANGUAGE_STANDARD = gnu99;
				GCC_NO_COMMON_BLOCKS = YES;
				GCC_WARN_64_TO_32_BIT_CONVERSION = YES;
				GCC_WARN_ABOUT_RETURN_TYPE = YES_ERROR;
				GCC_WARN_UNDECLARED_SELECTOR = YES;
				GCC_WARN_UNINITIALIZED_AUTOS = YES_AGGRESSIVE;
				GCC_WARN_UNUSED_FUNCTION = YES;
				GCC_WARN_UNUSED_VARIABLE = YES;
				IPHONEOS_DEPLOYMENT_TARGET = 9.3;
				MTL_ENABLE_DEBUG_INFO = NO;
				SDKROOT = iphoneos;
				VALIDATE_PRODUCT = YES;
			};
			name = Release;
		};
		55CEB8A71D33FE8E005F30AD /* Debug */ = {
			isa = XCBuildConfiguration;
			buildSettings = {
				ASSETCATALOG_COMPILER_APPICON_NAME = AppIcon;
				INFOPLIST_FILE = scrollViewLecture/Info.plist;
				LD_RUNPATH_SEARCH_PATHS = "$(inherited) @executable_path/Frameworks";
				PRODUCT_BUNDLE_IDENTIFIER = com.tomm.scrollViewLecture;
				PRODUCT_NAME = "$(TARGET_NAME)";
			};
			name = Debug;
		};
		55CEB8A81D33FE8E005F30AD /* Release */ = {
			isa = XCBuildConfiguration;
			buildSettings = {
				ASSETCATALOG_COMPILER_APPICON_NAME = AppIcon;
				INFOPLIST_FILE = scrollViewLecture/Info.plist;
				LD_RUNPATH_SEARCH_PATHS = "$(inherited) @executable_path/Frameworks";
				PRODUCT_BUNDLE_IDENTIFIER = com.tomm.scrollViewLecture;
				PRODUCT_NAME = "$(TARGET_NAME)";
			};
			name = Release;
		};
/* End XCBuildConfiguration section */

/* Begin XCConfigurationList section */
		55CEB88A1D33FE8E005F30AD /* Build configuration list for PBXProject "scrollViewLecture" */ = {
			isa = XCConfigurationList;
			buildConfigurations = (
				55CEB8A41D33FE8E005F30AD /* Debug */,
				55CEB8A51D33FE8E005F30AD /* Release */,
			);
			defaultConfigurationIsVisible = 0;
			defaultConfigurationName = Release;
		};
		55CEB8A61D33FE8E005F30AD /* Build configuration list for PBXNativeTarget "scrollViewLecture" */ = {
			isa = XCConfigurationList;
			buildConfigurations = (
				55CEB8A71D33FE8E005F30AD /* Debug */,
				55CEB8A81D33FE8E005F30AD /* Release */,
			);
			defaultConfigurationIsVisible = 0;
		};
/* End XCConfigurationList section */
	};
	rootObject = 55CEB8871D33FE8E005F30AD /* Project object */;
}
